
Microsoft Visual Studio Solution File, Format Version 12.00
# Visual Studio 15
VisualStudioVersion = 15.0.26430.16
MinimumVisualStudioVersion = 10.0.40219.1
Project("{FAE04EC0-301F-11D3-BF4B-00C04F79EFBC}") = "WindowsFormsApplicationCalc", "WindowsFormsApplicationCalc\WindowsFormsApplicationCalc.csproj", "{8542EBB1-7708-4E4E-A250-E2C47F1333C8}"
EndProject
Project("{FAE04EC0-301F-11D3-BF4B-00C04F79EFBC}") = "UnitTestFieldsCalc", "UnitTestFieldsCalc\UnitTestFieldsCalc.csproj", "{F9F94FF5-1AF2-44F7-9EBC-70DD0833FF11}"
EndProject
Global
	GlobalSection(SolutionConfigurationPlatforms) = preSolution
		Debug|Any CPU = Debug|Any CPU
		Release|Any CPU = Release|Any CPU
	EndGlobalSection
	GlobalSection(ProjectConfigurationPlatforms) = postSolution
		{8542EBB1-7708-4E4E-A250-E2C47F1333C8}.Debug|Any CPU.ActiveCfg = Debug|Any CPU
		{8542EBB1-7708-4E4E-A250-E2C47F1333C8}.Debug|Any CPU.Build.0 = Debug|Any CPU
		{8542EBB1-7708-4E4E-A250-E2C47F1333C8}.Release|Any CPU.ActiveCfg = Release|Any CPU
		{8542EBB1-7708-4E4E-A250-E2C47F1333C8}.Release|Any CPU.Build.0 = Release|Any CPU
		{F9F94FF5-1AF2-44F7-9EBC-70DD0833FF11}.Debug|Any CPU.ActiveCfg = Debug|Any CPU
		{F9F94FF5-1AF2-44F7-9EBC-70DD0833FF11}.Debug|Any CPU.Build.0 = Debug|Any CPU
		{F9F94FF5-1AF2-44F7-9EBC-70DD0833FF11}.Release|Any CPU.ActiveCfg = Release|Any CPU
		{F9F94FF5-1AF2-44F7-9EBC-70DD0833FF11}.Release|Any CPU.Build.0 = Release|Any CPU
	EndGlobalSection
	GlobalSection(SolutionProperties) = preSolution
		HideSolutionNode = FALSE
	EndGlobalSection
EndGlobal
